
Microsoft Visual Studio Solution File, Format Version 12.00
# Visual Studio Version 17
VisualStudioVersion = 17.8.34330.188
MinimumVisualStudioVersion = 10.0.40219.1
Project("{FAE04EC0-301F-11D3-BF4B-00C04F79EFBC}") = "AnimalCare.UI.mvc", "AnimalCare.UI.mvc\AnimalCare.UI.mvc.csproj", "{36218D56-A7D0-44AC-A334-0B28B232D9C9}"
EndProject
Project("{FAE04EC0-301F-11D3-BF4B-00C04F79EFBC}") = "Core", "Core\Core.csproj", "{AF612872-29FB-48B7-90C2-85A516180000}"
EndProject
Project("{FAE04EC0-301F-11D3-BF4B-00C04F79EFBC}") = "Services", "Services\Services.csproj", "{8395D6FF-E0E0-4107-8039-717CD8012BF2}"
EndProject
Project("{FAE04EC0-301F-11D3-BF4B-00C04F79EFBC}") = "Model", "Model\Model.csproj", "{0F0CBCEE-DFC6-48D8-904F-D38EDC4C224D}"
EndProject
Global
	GlobalSection(SolutionConfigurationPlatforms) = preSolution
		Debug|Any CPU = Debug|Any CPU
		Release|Any CPU = Release|Any CPU
	EndGlobalSection
	GlobalSection(ProjectConfigurationPlatforms) = postSolution
		{36218D56-A7D0-44AC-A334-0B28B232D9C9}.Debug|Any CPU.ActiveCfg = Debug|Any CPU
		{36218D56-A7D0-44AC-A334-0B28B232D9C9}.Debug|Any CPU.Build.0 = Debug|Any CPU
		{36218D56-A7D0-44AC-A334-0B28B232D9C9}.Release|Any CPU.ActiveCfg = Release|Any CPU
		{36218D56-A7D0-44AC-A334-0B28B232D9C9}.Release|Any CPU.Build.0 = Release|Any CPU
		{AF612872-29FB-48B7-90C2-85A516180000}.Debug|Any CPU.ActiveCfg = Debug|Any CPU
		{AF612872-29FB-48B7-90C2-85A516180000}.Debug|Any CPU.Build.0 = Debug|Any CPU
		{AF612872-29FB-48B7-90C2-85A516180000}.Release|Any CPU.ActiveCfg = Release|Any CPU
		{AF612872-29FB-48B7-90C2-85A516180000}.Release|Any CPU.Build.0 = Release|Any CPU
		{8395D6FF-E0E0-4107-8039-717CD8012BF2}.Debug|Any CPU.ActiveCfg = Debug|Any CPU
		{8395D6FF-E0E0-4107-8039-717CD8012BF2}.Debug|Any CPU.Build.0 = Debug|Any CPU
		{8395D6FF-E0E0-4107-8039-717CD8012BF2}.Release|Any CPU.ActiveCfg = Release|Any CPU
		{8395D6FF-E0E0-4107-8039-717CD8012BF2}.Release|Any CPU.Build.0 = Release|Any CPU
		{0F0CBCEE-DFC6-48D8-904F-D38EDC4C224D}.Debug|Any CPU.ActiveCfg = Debug|Any CPU
		{0F0CBCEE-DFC6-48D8-904F-D38EDC4C224D}.Debug|Any CPU.Build.0 = Debug|Any CPU
		{0F0CBCEE-DFC6-48D8-904F-D38EDC4C224D}.Release|Any CPU.ActiveCfg = Release|Any CPU
		{0F0CBCEE-DFC6-48D8-904F-D38EDC4C224D}.Release|Any CPU.Build.0 = Release|Any CPU
	EndGlobalSection
	GlobalSection(SolutionProperties) = preSolution
		HideSolutionNode = FALSE
	EndGlobalSection
	GlobalSection(ExtensibilityGlobals) = postSolution
		SolutionGuid = {85252D34-BC51-4F77-9839-E32D5ECB7C8F}
	EndGlobalSection
EndGlobal
